{
  "pins" : [
    {
      "identity" : "desing-library-spm",
      "kind" : "remoteSourceControl",
      "location" : "https://github.com/intiMRA/Desing-Library-SPM",
      "state" : {
        "branch" : "fix-animation",
        "revision" : "90e5d2716b77d1f1dc580ecfb6d73873c2cade7d"
      }
    },
    {
      "identity" : "lottie-spm",
      "kind" : "remoteSourceControl",
      "location" : "https://github.com/airbnb/lottie-spm",
      "state" : {
        "revision" : "60ea4f82fba8b4cb21a75665a889e86ed4d81c6e",
        "version" : "4.2.0"
      }
    },
    {
      "identity" : "networklayerspm",
      "kind" : "remoteSourceControl",
      "location" : "git@github.com:intiMRA/NetworkLayerSPM.git",
      "state" : {
        "branch" : "main",
        "revision" : "ebac3e225e05d1c0bb50ad6856948fca079a7c2e"
      }
    }
  ],
  "version" : 2
}
